
Microsoft Visual Studio Solution File, Format Version 12.00
# Visual Studio Version 17
VisualStudioVersion = 17.3.32929.385
MinimumVisualStudioVersion = 10.0.40219.1
Project("{FAE04EC0-301F-11D3-BF4B-00C04F79EFBC}") = "MoviesApplication", "MoviesApplication\MoviesApplication.csproj", "{ACCEA2EF-6A7A-4136-AFAB-DDB4719534AF}"
EndProject
Global
	GlobalSection(SolutionConfigurationPlatforms) = preSolution
		Debug|Any CPU = Debug|Any CPU
		Release|Any CPU = Release|Any CPU
	EndGlobalSection
	GlobalSection(ProjectConfigurationPlatforms) = postSolution
		{ACCEA2EF-6A7A-4136-AFAB-DDB4719534AF}.Debug|Any CPU.ActiveCfg = Debug|Any CPU
		{ACCEA2EF-6A7A-4136-AFAB-DDB4719534AF}.Debug|Any CPU.Build.0 = Debug|Any CPU
		{ACCEA2EF-6A7A-4136-AFAB-DDB4719534AF}.Release|Any CPU.ActiveCfg = Release|Any CPU
		{ACCEA2EF-6A7A-4136-AFAB-DDB4719534AF}.Release|Any CPU.Build.0 = Release|Any CPU
	EndGlobalSection
	GlobalSection(SolutionProperties) = preSolution
		HideSolutionNode = FALSE
	EndGlobalSection
	GlobalSection(ExtensibilityGlobals) = postSolution
		SolutionGuid = {4620651D-28AC-4AB0-9073-78783DD46CFD}
	EndGlobalSection
EndGlobal
